// !$*UTF8*$!
{
	archiveVersion = 1;
	classes = {
	};
	objectVersion = 56;
	objects = {

/* Begin PBXBuildFile section */
		7107EF9829F8130E003B60D3 /* TrailingIconLabelStyle.swift in Sources */ = {isa = PBXBuildFile; fileRef = 7107EF9729F8130E003B60D3 /* TrailingIconLabelStyle.swift */; };
		7107EF9C29FC2245003B60D3 /* DetailEditView.swift in Sources */ = {isa = PBXBuildFile; fileRef = 7107EF9B29FC2245003B60D3 /* DetailEditView.swift */; };
		7107EF9E2A016069003B60D3 /* ThemeView.swift in Sources */ = {isa = PBXBuildFile; fileRef = 7107EF9D2A016069003B60D3 /* ThemeView.swift */; };
		7107EFA02A01626E003B60D3 /* ThemePicker.swift in Sources */ = {isa = PBXBuildFile; fileRef = 7107EF9F2A01626E003B60D3 /* ThemePicker.swift */; };
		714C3EEE29F93FDB00600A6B /* ScrumsView.swift in Sources */ = {isa = PBXBuildFile; fileRef = 714C3EED29F93FDB00600A6B /* ScrumsView.swift */; };
		714C3EF029FA279400600A6B /* DetailView.swift in Sources */ = {isa = PBXBuildFile; fileRef = 714C3EEF29FA279400600A6B /* DetailView.swift */; };
		71D1F0F429F630240081DC76 /* ScrumdingerApp.swift in Sources */ = {isa = PBXBuildFile; fileRef = 71D1F0F329F630240081DC76 /* ScrumdingerApp.swift */; };
		71D1F0F629F630240081DC76 /* MeetingView.swift in Sources */ = {isa = PBXBuildFile; fileRef = 71D1F0F529F630240081DC76 /* MeetingView.swift */; };
		71D1F0F829F630260081DC76 /* Assets.xcassets in Resources */ = {isa = PBXBuildFile; fileRef = 71D1F0F729F630260081DC76 /* Assets.xcassets */; };
		71D1F0FB29F630260081DC76 /* Preview Assets.xcassets in Resources */ = {isa = PBXBuildFile; fileRef = 71D1F0FA29F630260081DC76 /* Preview Assets.xcassets */; };
		71D1F10529F630270081DC76 /* ScrumdingerTests.swift in Sources */ = {isa = PBXBuildFile; fileRef = 71D1F10429F630270081DC76 /* ScrumdingerTests.swift */; };
		71D1F10F29F630270081DC76 /* ScrumdingerUITests.swift in Sources */ = {isa = PBXBuildFile; fileRef = 71D1F10E29F630270081DC76 /* ScrumdingerUITests.swift */; };
		71D1F11129F630270081DC76 /* ScrumdingerUITestsLaunchTests.swift in Sources */ = {isa = PBXBuildFile; fileRef = 71D1F11029F630270081DC76 /* ScrumdingerUITestsLaunchTests.swift */; };
		71D1F11F29F635E70081DC76 /* Theme.swift in Sources */ = {isa = PBXBuildFile; fileRef = 71D1F11E29F635E70081DC76 /* Theme.swift */; };
		71D1F12129F653CC0081DC76 /* DailyScrum.swift in Sources */ = {isa = PBXBuildFile; fileRef = 71D1F12029F653CC0081DC76 /* DailyScrum.swift */; };
		71D1F12329F6546B0081DC76 /* CardView.swift in Sources */ = {isa = PBXBuildFile; fileRef = 71D1F12229F6546B0081DC76 /* CardView.swift */; };
/* End PBXBuildFile section */

/* Begin PBXContainerItemProxy section */
		71D1F10129F630270081DC76 /* PBXContainerItemProxy */ = {
			isa = PBXContainerItemProxy;
			containerPortal = 71D1F0E829F630240081DC76 /* Project object */;
			proxyType = 1;
			remoteGlobalIDString = 71D1F0EF29F630240081DC76;
			remoteInfo = Scrumdinger;
		};
		71D1F10B29F630270081DC76 /* PBXContainerItemProxy */ = {
			isa = PBXContainerItemProxy;
			containerPortal = 71D1F0E829F630240081DC76 /* Project object */;
			proxyType = 1;
			remoteGlobalIDString = 71D1F0EF29F630240081DC76;
			remoteInfo = Scrumdinger;
		};
/* End PBXContainerItemProxy section */

/* Begin PBXFileReference section */
		7107EF9729F8130E003B60D3 /* TrailingIconLabelStyle.swift */ = {isa = PBXFileReference; lastKnownFileType = sourcecode.swift; path = TrailingIconLabelStyle.swift; sourceTree = "<group>"; };
		7107EF9B29FC2245003B60D3 /* DetailEditView.swift */ = {isa = PBXFileReference; lastKnownFileType = sourcecode.swift; path = DetailEditView.swift; sourceTree = "<group>"; };
		7107EF9D2A016069003B60D3 /* ThemeView.swift */ = {isa = PBXFileReference; lastKnownFileType = sourcecode.swift; path = ThemeView.swift; sourceTree = "<group>"; };
		7107EF9F2A01626E003B60D3 /* ThemePicker.swift */ = {isa = PBXFileReference; lastKnownFileType = sourcecode.swift; path = ThemePicker.swift; sourceTree = "<group>"; };
		714C3EED29F93FDB00600A6B /* ScrumsView.swift */ = {isa = PBXFileReference; lastKnownFileType = sourcecode.swift; path = ScrumsView.swift; sourceTree = "<group>"; };
		714C3EEF29FA279400600A6B /* DetailView.swift */ = {isa = PBXFileReference; lastKnownFileType = sourcecode.swift; path = DetailView.swift; sourceTree = "<group>"; };
		71D1F0F029F630240081DC76 /* Scrumdinger.app */ = {isa = PBXFileReference; explicitFileType = wrapper.application; includeInIndex = 0; path = Scrumdinger.app; sourceTree = BUILT_PRODUCTS_DIR; };
		71D1F0F329F630240081DC76 /* ScrumdingerApp.swift */ = {isa = PBXFileReference; lastKnownFileType = sourcecode.swift; path = ScrumdingerApp.swift; sourceTree = "<group>"; };
		71D1F0F529F630240081DC76 /* MeetingView.swift */ = {isa = PBXFileReference; lastKnownFileType = sourcecode.swift; path = MeetingView.swift; sourceTree = "<group>"; };
		71D1F0F729F630260081DC76 /* Assets.xcassets */ = {isa = PBXFileReference; lastKnownFileType = folder.assetcatalog; path = Assets.xcassets; sourceTree = "<group>"; };
		71D1F0FA29F630260081DC76 /* Preview Assets.xcassets */ = {isa = PBXFileReference; lastKnownFileType = folder.assetcatalog; path = "Preview Assets.xcassets"; sourceTree = "<group>"; };
		71D1F10029F630270081DC76 /* ScrumdingerTests.xctest */ = {isa = PBXFileReference; explicitFileType = wrapper.cfbundle; includeInIndex = 0; path = ScrumdingerTests.xctest; sourceTree = BUILT_PRODUCTS_DIR; };
		71D1F10429F630270081DC76 /* ScrumdingerTests.swift */ = {isa = PBXFileReference; lastKnownFileType = sourcecode.swift; path = ScrumdingerTests.swift; sourceTree = "<group>"; };
		71D1F10A29F630270081DC76 /* ScrumdingerUITests.xctest */ = {isa = PBXFileReference; explicitFileType = wrapper.cfbundle; includeInIndex = 0; path = ScrumdingerUITests.xctest; sourceTree = BUILT_PRODUCTS_DIR; };
		71D1F10E29F630270081DC76 /* ScrumdingerUITests.swift */ = {isa = PBXFileReference; lastKnownFileType = sourcecode.swift; path = ScrumdingerUITests.swift; sourceTree = "<group>"; };
		71D1F11029F630270081DC76 /* ScrumdingerUITestsLaunchTests.swift */ = {isa = PBXFileReference; lastKnownFileType = sourcecode.swift; path = ScrumdingerUITestsLaunchTests.swift; sourceTree = "<group>"; };
		71D1F11E29F635E70081DC76 /* Theme.swift */ = {isa = PBXFileReference; lastKnownFileType = sourcecode.swift; path = Theme.swift; sourceTree = "<group>"; };
		71D1F12029F653CC0081DC76 /* DailyScrum.swift */ = {isa = PBXFileReference; lastKnownFileType = sourcecode.swift; path = DailyScrum.swift; sourceTree = "<group>"; };
		71D1F12229F6546B0081DC76 /* CardView.swift */ = {isa = PBXFileReference; lastKnownFileType = sourcecode.swift; path = CardView.swift; sourceTree = "<group>"; };
/* End PBXFileReference section */

/* Begin PBXFrameworksBuildPhase section */
		71D1F0ED29F630240081DC76 /* Frameworks */ = {
			isa = PBXFrameworksBuildPhase;
			buildActionMask = 2147483647;
			files = (
			);
			runOnlyForDeploymentPostprocessing = 0;
		};
		71D1F0FD29F630270081DC76 /* Frameworks */ = {
			isa = PBXFrameworksBuildPhase;
			buildActionMask = 2147483647;
			files = (
			);
			runOnlyForDeploymentPostprocessing = 0;
		};
		71D1F10729F630270081DC76 /* Frameworks */ = {
			isa = PBXFrameworksBuildPhase;
			buildActionMask = 2147483647;
			files = (
			);
			runOnlyForDeploymentPostprocessing = 0;
		};
/* End PBXFrameworksBuildPhase section */

/* Begin PBXGroup section */
		71D1F0E729F630240081DC76 = {
			isa = PBXGroup;
			children = (
				71D1F0F229F630240081DC76 /* Scrumdinger */,
				71D1F10329F630270081DC76 /* ScrumdingerTests */,
				71D1F10D29F630270081DC76 /* ScrumdingerUITests */,
				71D1F0F129F630240081DC76 /* Products */,
			);
			sourceTree = "<group>";
		};
		71D1F0F129F630240081DC76 /* Products */ = {
			isa = PBXGroup;
			children = (
				71D1F0F029F630240081DC76 /* Scrumdinger.app */,
				71D1F10029F630270081DC76 /* ScrumdingerTests.xctest */,
				71D1F10A29F630270081DC76 /* ScrumdingerUITests.xctest */,
			);
			name = Products;
			sourceTree = "<group>";
		};
		71D1F0F229F630240081DC76 /* Scrumdinger */ = {
			isa = PBXGroup;
			children = (
				71D1F11D29F635BF0081DC76 /* Models */,
				71D1F0F329F630240081DC76 /* ScrumdingerApp.swift */,
				71D1F0F729F630260081DC76 /* Assets.xcassets */,
				71D1F0F929F630260081DC76 /* Preview Content */,
				71D1F12229F6546B0081DC76 /* CardView.swift */,
				7107EF9729F8130E003B60D3 /* TrailingIconLabelStyle.swift */,
				714C3EED29F93FDB00600A6B /* ScrumsView.swift */,
				71D1F0F529F630240081DC76 /* MeetingView.swift */,
				714C3EEF29FA279400600A6B /* DetailView.swift */,
				7107EF9B29FC2245003B60D3 /* DetailEditView.swift */,
				7107EF9D2A016069003B60D3 /* ThemeView.swift */,
				7107EF9F2A01626E003B60D3 /* ThemePicker.swift */,
			);
			path = Scrumdinger;
			sourceTree = "<group>";
		};
		71D1F0F929F630260081DC76 /* Preview Content */ = {
			isa = PBXGroup;
			children = (
				71D1F0FA29F630260081DC76 /* Preview Assets.xcassets */,
			);
			path = "Preview Content";
			sourceTree = "<group>";
		};
		71D1F10329F630270081DC76 /* ScrumdingerTests */ = {
			isa = PBXGroup;
			children = (
				71D1F10429F630270081DC76 /* ScrumdingerTests.swift */,
			);
			path = ScrumdingerTests;
			sourceTree = "<group>";
		};
		71D1F10D29F630270081DC76 /* ScrumdingerUITests */ = {
			isa = PBXGroup;
			children = (
				71D1F10E29F630270081DC76 /* ScrumdingerUITests.swift */,
				71D1F11029F630270081DC76 /* ScrumdingerUITestsLaunchTests.swift */,
			);
			path = ScrumdingerUITests;
			sourceTree = "<group>";
		};
		71D1F11D29F635BF0081DC76 /* Models */ = {
			isa = PBXGroup;
			children = (
				71D1F11E29F635E70081DC76 /* Theme.swift */,
				71D1F12029F653CC0081DC76 /* DailyScrum.swift */,
			);
			path = Models;
			sourceTree = "<group>";
		};
/* End PBXGroup section */

/* Begin PBXNativeTarget section */
		71D1F0EF29F630240081DC76 /* Scrumdinger */ = {
			isa = PBXNativeTarget;
			buildConfigurationList = 71D1F11429F630270081DC76 /* Build configuration list for PBXNativeTarget "Scrumdinger" */;
			buildPhases = (
				71D1F0EC29F630240081DC76 /* Sources */,
				71D1F0ED29F630240081DC76 /* Frameworks */,
				71D1F0EE29F630240081DC76 /* Resources */,
			);
			buildRules = (
			);
			dependencies = (
			);
			name = Scrumdinger;
			productName = Scrumdinger;
			productReference = 71D1F0F029F630240081DC76 /* Scrumdinger.app */;
			productType = "com.apple.product-type.application";
		};
		71D1F0FF29F630270081DC76 /* ScrumdingerTests */ = {
			isa = PBXNativeTarget;
			buildConfigurationList = 71D1F11729F630270081DC76 /* Build configuration list for PBXNativeTarget "ScrumdingerTests" */;
			buildPhases = (
				71D1F0FC29F630270081DC76 /* Sources */,
				71D1F0FD29F630270081DC76 /* Frameworks */,
				71D1F0FE29F630270081DC76 /* Resources */,
			);
			buildRules = (
			);
			dependencies = (
				71D1F10229F630270081DC76 /* PBXTargetDependency */,
			);
			name = ScrumdingerTests;
			productName = ScrumdingerTests;
			productReference = 71D1F10029F630270081DC76 /* ScrumdingerTests.xctest */;
			productType = "com.apple.product-type.bundle.unit-test";
		};
		71D1F10929F630270081DC76 /* ScrumdingerUITests */ = {
			isa = PBXNativeTarget;
			buildConfigurationList = 71D1F11A29F630270081DC76 /* Build configuration list for PBXNativeTarget "ScrumdingerUITests" */;
			buildPhases = (
				71D1F10629F630270081DC76 /* Sources */,
				71D1F10729F630270081DC76 /* Frameworks */,
				71D1F10829F630270081DC76 /* Resources */,
			);
			buildRules = (
			);
			dependencies = (
				71D1F10C29F630270081DC76 /* PBXTargetDependency */,
			);
			name = ScrumdingerUITests;
			productName = ScrumdingerUITests;
			productReference = 71D1F10A29F630270081DC76 /* ScrumdingerUITests.xctest */;
			productType = "com.apple.product-type.bundle.ui-testing";
		};
/* End PBXNativeTarget section */

/* Begin PBXProject section */
		71D1F0E829F630240081DC76 /* Project object */ = {
			isa = PBXProject;
			attributes = {
				BuildIndependentTargetsInParallel = 1;
				LastSwiftUpdateCheck = 1430;
				LastUpgradeCheck = 1430;
				TargetAttributes = {
					71D1F0EF29F630240081DC76 = {
						CreatedOnToolsVersion = 14.3;
					};
					71D1F0FF29F630270081DC76 = {
						CreatedOnToolsVersion = 14.3;
						TestTargetID = 71D1F0EF29F630240081DC76;
					};
					71D1F10929F630270081DC76 = {
						CreatedOnToolsVersion = 14.3;
						TestTargetID = 71D1F0EF29F630240081DC76;
					};
				};
			};
			buildConfigurationList = 71D1F0EB29F630240081DC76 /* Build configuration list for PBXProject "Scrumdinger" */;
			compatibilityVersion = "Xcode 14.0";
			developmentRegion = en;
			hasScannedForEncodings = 0;
			knownRegions = (
				en,
				Base,
			);
			mainGroup = 71D1F0E729F630240081DC76;
			productRefGroup = 71D1F0F129F630240081DC76 /* Products */;
			projectDirPath = "";
			projectRoot = "";
			targets = (
				71D1F0EF29F630240081DC76 /* Scrumdinger */,
				71D1F0FF29F630270081DC76 /* ScrumdingerTests */,
				71D1F10929F630270081DC76 /* ScrumdingerUITests */,
			);
		};
/* End PBXProject section */

/* Begin PBXResourcesBuildPhase section */
		71D1F0EE29F630240081DC76 /* Resources */ = {
			isa = PBXResourcesBuildPhase;
			buildActionMask = 2147483647;
			files = (
				71D1F0FB29F630260081DC76 /* Preview Assets.xcassets in Resources */,
				71D1F0F829F630260081DC76 /* Assets.xcassets in Resources */,
			);
			runOnlyForDeploymentPostprocessing = 0;
		};
		71D1F0FE29F630270081DC76 /* Resources */ = {
			isa = PBXResourcesBuildPhase;
			buildActionMask = 2147483647;
			files = (
			);
			runOnlyForDeploymentPostprocessing = 0;
		};
		71D1F10829F630270081DC76 /* Resources */ = {
			isa = PBXResourcesBuildPhase;
			buildActionMask = 2147483647;
			files = (
			);
			runOnlyForDeploymentPostprocessing = 0;
		};
/* End PBXResourcesBuildPhase section */

/* Begin PBXSourcesBuildPhase section */
		71D1F0EC29F630240081DC76 /* Sources */ = {
			isa = PBXSourcesBuildPhase;
			buildActionMask = 2147483647;
			files = (
				7107EFA02A01626E003B60D3 /* ThemePicker.swift in Sources */,
				71D1F12129F653CC0081DC76 /* DailyScrum.swift in Sources */,
				714C3EF029FA279400600A6B /* DetailView.swift in Sources */,
				7107EF9C29FC2245003B60D3 /* DetailEditView.swift in Sources */,
				7107EF9829F8130E003B60D3 /* TrailingIconLabelStyle.swift in Sources */,
				71D1F11F29F635E70081DC76 /* Theme.swift in Sources */,
				714C3EEE29F93FDB00600A6B /* ScrumsView.swift in Sources */,
				71D1F0F629F630240081DC76 /* MeetingView.swift in Sources */,
				71D1F0F429F630240081DC76 /* ScrumdingerApp.swift in Sources */,
				7107EF9E2A016069003B60D3 /* ThemeView.swift in Sources */,
				71D1F12329F6546B0081DC76 /* CardView.swift in Sources */,
			);
			runOnlyForDeploymentPostprocessing = 0;
		};
		71D1F0FC29F630270081DC76 /* Sources */ = {
			isa = PBXSourcesBuildPhase;
			buildActionMask = 2147483647;
			files = (
				71D1F10529F630270081DC76 /* ScrumdingerTests.swift in Sources */,
			);
			runOnlyForDeploymentPostprocessing = 0;
		};
		71D1F10629F630270081DC76 /* Sources */ = {
			isa = PBXSourcesBuildPhase;
			buildActionMask = 2147483647;
			files = (
				71D1F11129F630270081DC76 /* ScrumdingerUITestsLaunchTests.swift in Sources */,
				71D1F10F29F630270081DC76 /* ScrumdingerUITests.swift in Sources */,
			);
			runOnlyForDeploymentPostprocessing = 0;
		};
/* End PBXSourcesBuildPhase section */

/* Begin PBXTargetDependency section */
		71D1F10229F630270081DC76 /* PBXTargetDependency */ = {
			isa = PBXTargetDependency;
			target = 71D1F0EF29F630240081DC76 /* Scrumdinger */;
			targetProxy = 71D1F10129F630270081DC76 /* PBXContainerItemProxy */;
		};
		71D1F10C29F630270081DC76 /* PBXTargetDependency */ = {
			isa = PBXTargetDependency;
			target = 71D1F0EF29F630240081DC76 /* Scrumdinger */;
			targetProxy = 71D1F10B29F630270081DC76 /* PBXContainerItemProxy */;
		};
/* End PBXTargetDependency section */

/* Begin XCBuildConfiguration section */
		71D1F11229F630270081DC76 /* Debug */ = {
			isa = XCBuildConfiguration;
			buildSettings = {
				ALWAYS_SEARCH_USER_PATHS = NO;
				CLANG_ANALYZER_NONNULL = YES;
				CLANG_ANALYZER_NUMBER_OBJECT_CONVERSION = YES_AGGRESSIVE;
				CLANG_CXX_LANGUAGE_STANDARD = "gnu++20";
				CLANG_ENABLE_MODULES = YES;
				CLANG_ENABLE_OBJC_ARC = YES;
				CLANG_ENABLE_OBJC_WEAK = YES;
				CLANG_WARN_BLOCK_CAPTURE_AUTORELEASING = YES;
				CLANG_WARN_BOOL_CONVERSION = YES;
				CLANG_WARN_COMMA = YES;
				CLANG_WARN_CONSTANT_CONVERSION = YES;
				CLANG_WARN_DEPRECATED_OBJC_IMPLEMENTATIONS = YES;
				CLANG_WARN_DIRECT_OBJC_ISA_USAGE = YES_ERROR;
				CLANG_WARN_DOCUMENTATION_COMMENTS = YES;
				CLANG_WARN_EMPTY_BODY = YES;
				CLANG_WARN_ENUM_CONVERSION = YES;
				CLANG_WARN_INFINITE_RECURSION = YES;
				CLANG_WARN_INT_CONVERSION = YES;
				CLANG_WARN_NON_LITERAL_NULL_CONVERSION = YES;
				CLANG_WARN_OBJC_IMPLICIT_RETAIN_SELF = YES;
				CLANG_WARN_OBJC_LITERAL_CONVERSION = YES;
				CLANG_WARN_OBJC_ROOT_CLASS = YES_ERROR;
				CLANG_WARN_QUOTED_INCLUDE_IN_FRAMEWORK_HEADER = YES;
				CLANG_WARN_RANGE_LOOP_ANALYSIS = YES;
				CLANG_WARN_STRICT_PROTOTYPES = YES;
				CLANG_WARN_SUSPICIOUS_MOVE = YES;
				CLANG_WARN_UNGUARDED_AVAILABILITY = YES_AGGRESSIVE;
				CLANG_WARN_UNREACHABLE_CODE = YES;
				CLANG_WARN__DUPLICATE_METHOD_MATCH = YES;
				COPY_PHASE_STRIP = NO;
				DEBUG_INFORMATION_FORMAT = dwarf;
				ENABLE_STRICT_OBJC_MSGSEND = YES;
				ENABLE_TESTABILITY = YES;
				GCC_C_LANGUAGE_STANDARD = gnu11;
				GCC_DYNAMIC_NO_PIC = NO;
				GCC_NO_COMMON_BLOCKS = YES;
				GCC_OPTIMIZATION_LEVEL = 0;
				GCC_PREPROCESSOR_DEFINITIONS = (
					"DEBUG=1",
					"$(inherited)",
				);
				GCC_WARN_64_TO_32_BIT_CONVERSION = YES;
				GCC_WARN_ABOUT_RETURN_TYPE = YES_ERROR;
				GCC_WARN_UNDECLARED_SELECTOR = YES;
				GCC_WARN_UNINITIALIZED_AUTOS = YES_AGGRESSIVE;
				GCC_WARN_UNUSED_FUNCTION = YES;
				GCC_WARN_UNUSED_VARIABLE = YES;
				IPHONEOS_DEPLOYMENT_TARGET = 16.4;
				MTL_ENABLE_DEBUG_INFO = INCLUDE_SOURCE;
				MTL_FAST_MATH = YES;
				ONLY_ACTIVE_ARCH = YES;
				SDKROOT = iphoneos;
				SWIFT_ACTIVE_COMPILATION_CONDITIONS = DEBUG;
				SWIFT_OPTIMIZATION_LEVEL = "-Onone";
			};
			name = Debug;
		};
		71D1F11329F630270081DC76 /* Release */ = {
			isa = XCBuildConfiguration;
			buildSettings = {
				ALWAYS_SEARCH_USER_PATHS = NO;
				CLANG_ANALYZER_NONNULL = YES;
				CLANG_ANALYZER_NUMBER_OBJECT_CONVERSION = YES_AGGRESSIVE;
				CLANG_CXX_LANGUAGE_STANDARD = "gnu++20";
				CLANG_ENABLE_MODULES = YES;
				CLANG_ENABLE_OBJC_ARC = YES;
				CLANG_ENABLE_OBJC_WEAK = YES;
				CLANG_WARN_BLOCK_CAPTURE_AUTORELEASING = YES;
				CLANG_WARN_BOOL_CONVERSION = YES;
				CLANG_WARN_COMMA = YES;
				CLANG_WARN_CONSTANT_CONVERSION = YES;
				CLANG_WARN_DEPRECATED_OBJC_IMPLEMENTATIONS = YES;
				CLANG_WARN_DIRECT_OBJC_ISA_USAGE = YES_ERROR;
				CLANG_WARN_DOCUMENTATION_COMMENTS = YES;
				CLANG_WARN_EMPTY_BODY = YES;
				CLANG_WARN_ENUM_CONVERSION = YES;
				CLANG_WARN_INFINITE_RECURSION = YES;
				CLANG_WARN_INT_CONVERSION = YES;
				CLANG_WARN_NON_LITERAL_NULL_CONVERSION = YES;
				CLANG_WARN_OBJC_IMPLICIT_RETAIN_SELF = YES;
				CLANG_WARN_OBJC_LITERAL_CONVERSION = YES;
				CLANG_WARN_OBJC_ROOT_CLASS = YES_ERROR;
				CLANG_WARN_QUOTED_INCLUDE_IN_FRAMEWORK_HEADER = YES;
				CLANG_WARN_RANGE_LOOP_ANALYSIS = YES;
				CLANG_WARN_STRICT_PROTOTYPES = YES;
				CLANG_WARN_SUSPICIOUS_MOVE = YES;
				CLANG_WARN_UNGUARDED_AVAILABILITY = YES_AGGRESSIVE;
				CLANG_WARN_UNREACHABLE_CODE = YES;
				CLANG_WARN__DUPLICATE_METHOD_MATCH = YES;
				COPY_PHASE_STRIP = NO;
				DEBUG_INFORMATION_FORMAT = "dwarf-with-dsym";
				ENABLE_NS_ASSERTIONS = NO;
				ENABLE_STRICT_OBJC_MSGSEND = YES;
				GCC_C_LANGUAGE_STANDARD = gnu11;
				GCC_NO_COMMON_BLOCKS = YES;
				GCC_WARN_64_TO_32_BIT_CONVERSION = YES;
				GCC_WARN_ABOUT_RETURN_TYPE = YES_ERROR;
				GCC_WARN_UNDECLARED_SELECTOR = YES;
				GCC_WARN_UNINITIALIZED_AUTOS = YES_AGGRESSIVE;
				GCC_WARN_UNUSED_FUNCTION = YES;
				GCC_WARN_UNUSED_VARIABLE = YES;
				IPHONEOS_DEPLOYMENT_TARGET = 16.4;
				MTL_ENABLE_DEBUG_INFO = NO;
				MTL_FAST_MATH = YES;
				SDKROOT = iphoneos;
				SWIFT_COMPILATION_MODE = wholemodule;
				SWIFT_OPTIMIZATION_LEVEL = "-O";
				VALIDATE_PRODUCT = YES;
			};
			name = Release;
		};
		71D1F11529F630270081DC76 /* Debug */ = {
			isa = XCBuildConfiguration;
			buildSettings = {
				ASSETCATALOG_COMPILER_APPICON_NAME = AppIcon;
				ASSETCATALOG_COMPILER_GLOBAL_ACCENT_COLOR_NAME = AccentColor;
				CODE_SIGN_STYLE = Automatic;
				CURRENT_PROJECT_VERSION = 1;
				DEVELOPMENT_ASSET_PATHS = "\"Scrumdinger/Preview Content\"";
				ENABLE_PREVIEWS = YES;
				GENERATE_INFOPLIST_FILE = YES;
				INFOPLIST_KEY_UIApplicationSceneManifest_Generation = YES;
				INFOPLIST_KEY_UIApplicationSupportsIndirectInputEvents = YES;
				INFOPLIST_KEY_UILaunchScreen_Generation = YES;
				INFOPLIST_KEY_UISupportedInterfaceOrientations_iPad = "UIInterfaceOrientationPortrait UIInterfaceOrientationPortraitUpsideDown UIInterfaceOrientationLandscapeLeft UIInterfaceOrientationLandscapeRight";
				INFOPLIST_KEY_UISupportedInterfaceOrientations_iPhone = "UIInterfaceOrientationPortrait UIInterfaceOrientationLandscapeLeft UIInterfaceOrientationLandscapeRight";
				LD_RUNPATH_SEARCH_PATHS = (
					"$(inherited)",
					"@executable_path/Frameworks",
				);
				MARKETING_VERSION = 1.0;
				PRODUCT_BUNDLE_IDENTIFIER = eileen.Scrumdinger;
				PRODUCT_NAME = "$(TARGET_NAME)";
				SWIFT_EMIT_LOC_STRINGS = YES;
				SWIFT_VERSION = 5.0;
				TARGETED_DEVICE_FAMILY = "1,2";
			};
			name = Debug;
		};
		71D1F11629F630270081DC76 /* Release */ = {
			isa = XCBuildConfiguration;
			buildSettings = {
				ASSETCATALOG_COMPILER_APPICON_NAME = AppIcon;
				ASSETCATALOG_COMPILER_GLOBAL_ACCENT_COLOR_NAME = AccentColor;
				CODE_SIGN_STYLE = Automatic;
				CURRENT_PROJECT_VERSION = 1;
				DEVELOPMENT_ASSET_PATHS = "\"Scrumdinger/Preview Content\"";
				ENABLE_PREVIEWS = YES;
				GENERATE_INFOPLIST_FILE = YES;
				INFOPLIST_KEY_UIApplicationSceneManifest_Generation = YES;
				INFOPLIST_KEY_UIApplicationSupportsIndirectInputEvents = YES;
				INFOPLIST_KEY_UILaunchScreen_Generation = YES;
				INFOPLIST_KEY_UISupportedInterfaceOrientations_iPad = "UIInterfaceOrientationPortrait UIInterfaceOrientationPortraitUpsideDown UIInterfaceOrientationLandscapeLeft UIInterfaceOrientationLandscapeRight";
				INFOPLIST_KEY_UISupportedInterfaceOrientations_iPhone = "UIInterfaceOrientationPortrait UIInterfaceOrientationLandscapeLeft UIInterfaceOrientationLandscapeRight";
				LD_RUNPATH_SEARCH_PATHS = (
					"$(inherited)",
					"@executable_path/Frameworks",
				);
				MARKETING_VERSION = 1.0;
				PRODUCT_BUNDLE_IDENTIFIER = eileen.Scrumdinger;
				PRODUCT_NAME = "$(TARGET_NAME)";
				SWIFT_EMIT_LOC_STRINGS = YES;
				SWIFT_VERSION = 5.0;
				TARGETED_DEVICE_FAMILY = "1,2";
			};
			name = Release;
		};
		71D1F11829F630270081DC76 /* Debug */ = {
			isa = XCBuildConfiguration;
			buildSettings = {
				ALWAYS_EMBED_SWIFT_STANDARD_LIBRARIES = YES;
				BUNDLE_LOADER = "$(TEST_HOST)";
				CODE_SIGN_STYLE = Automatic;
				CURRENT_PROJECT_VERSION = 1;
				GENERATE_INFOPLIST_FILE = YES;
				IPHONEOS_DEPLOYMENT_TARGET = 16.4;
				MARKETING_VERSION = 1.0;
				PRODUCT_BUNDLE_IDENTIFIER = eileen.ScrumdingerTests;
				PRODUCT_NAME = "$(TARGET_NAME)";
				SWIFT_EMIT_LOC_STRINGS = NO;
				SWIFT_VERSION = 5.0;
				TARGETED_DEVICE_FAMILY = "1,2";
				TEST_HOST = "$(BUILT_PRODUCTS_DIR)/Scrumdinger.app/$(BUNDLE_EXECUTABLE_FOLDER_PATH)/Scrumdinger";
			};
			name = Debug;
		};
		71D1F11929F630270081DC76 /* Release */ = {
			isa = XCBuildConfiguration;
			buildSettings = {
				ALWAYS_EMBED_SWIFT_STANDARD_LIBRARIES = YES;
				BUNDLE_LOADER = "$(TEST_HOST)";
				CODE_SIGN_STYLE = Automatic;
				CURRENT_PROJECT_VERSION = 1;
				GENERATE_INFOPLIST_FILE = YES;
				IPHONEOS_DEPLOYMENT_TARGET = 16.4;
				MARKETING_VERSION = 1.0;
				PRODUCT_BUNDLE_IDENTIFIER = eileen.ScrumdingerTests;
				PRODUCT_NAME = "$(TARGET_NAME)";
				SWIFT_EMIT_LOC_STRINGS = NO;
				SWIFT_VERSION = 5.0;
				TARGETED_DEVICE_FAMILY = "1,2";
				TEST_HOST = "$(BUILT_PRODUCTS_DIR)/Scrumdinger.app/$(BUNDLE_EXECUTABLE_FOLDER_PATH)/Scrumdinger";
			};
			name = Release;
		};
		71D1F11B29F630270081DC76 /* Debug */ = {
			isa = XCBuildConfiguration;
			buildSettings = {
				ALWAYS_EMBED_SWIFT_STANDARD_LIBRARIES = YES;
				CODE_SIGN_STYLE = Automatic;
				CURRENT_PROJECT_VERSION = 1;
				GENERATE_INFOPLIST_FILE = YES;
				MARKETING_VERSION = 1.0;
				PRODUCT_BUNDLE_IDENTIFIER = eileen.ScrumdingerUITests;
				PRODUCT_NAME = "$(TARGET_NAME)";
				SWIFT_EMIT_LOC_STRINGS = NO;
				SWIFT_VERSION = 5.0;
				TARGETED_DEVICE_FAMILY = "1,2";
				TEST_TARGET_NAME = Scrumdinger;
			};
			name = Debug;
		};
		71D1F11C29F630270081DC76 /* Release */ = {
			isa = XCBuildConfiguration;
			buildSettings = {
				ALWAYS_EMBED_SWIFT_STANDARD_LIBRARIES = YES;
				CODE_SIGN_STYLE = Automatic;
				CURRENT_PROJECT_VERSION = 1;
				GENERATE_INFOPLIST_FILE = YES;
				MARKETING_VERSION = 1.0;
				PRODUCT_BUNDLE_IDENTIFIER = eileen.ScrumdingerUITests;
				PRODUCT_NAME = "$(TARGET_NAME)";
				SWIFT_EMIT_LOC_STRINGS = NO;
				SWIFT_VERSION = 5.0;
				TARGETED_DEVICE_FAMILY = "1,2";
				TEST_TARGET_NAME = Scrumdinger;
			};
			name = Release;
		};
/* End XCBuildConfiguration section */

/* Begin XCConfigurationList section */
		71D1F0EB29F630240081DC76 /* Build configuration list for PBXProject "Scrumdinger" */ = {
			isa = XCConfigurationList;
			buildConfigurations = (
				71D1F11229F630270081DC76 /* Debug */,
				71D1F11329F630270081DC76 /* Release */,
			);
			defaultConfigurationIsVisible = 0;
			defaultConfigurationName = Release;
		};
		71D1F11429F630270081DC76 /* Build configuration list for PBXNativeTarget "Scrumdinger" */ = {
			isa = XCConfigurationList;
			buildConfigurations = (
				71D1F11529F630270081DC76 /* Debug */,
				71D1F11629F630270081DC76 /* Release */,
			);
			defaultConfigurationIsVisible = 0;
			defaultConfigurationName = Release;
		};
		71D1F11729F630270081DC76 /* Build configuration list for PBXNativeTarget "ScrumdingerTests" */ = {
			isa = XCConfigurationList;
			buildConfigurations = (
				71D1F11829F630270081DC76 /* Debug */,
				71D1F11929F630270081DC76 /* Release */,
			);
			defaultConfigurationIsVisible = 0;
			defaultConfigurationName = Release;
		};
		71D1F11A29F630270081DC76 /* Build configuration list for PBXNativeTarget "ScrumdingerUITests" */ = {
			isa = XCConfigurationList;
			buildConfigurations = (
				71D1F11B29F630270081DC76 /* Debug */,
				71D1F11C29F630270081DC76 /* Release */,
			);
			defaultConfigurationIsVisible = 0;
			defaultConfigurationName = Release;
		};
/* End XCConfigurationList section */
	};
	rootObject = 71D1F0E829F630240081DC76 /* Project object */;
}
